
Microsoft Visual Studio Solution File, Format Version 12.00
# Visual Studio Version 17
VisualStudioVersion = 17.1.32421.90
MinimumVisualStudioVersion = 10.0.40219.1
Project("{9A19103F-16F7-4668-BE54-9A1E7A4F7556}") = "ECommerceWebsite.Server", "ECommerceWebsite\Server\ECommerceWebsite.Server.csproj", "{93218913-484D-4C8F-B7E4-55D842F3C838}"
EndProject
Project("{9A19103F-16F7-4668-BE54-9A1E7A4F7556}") = "ECommerceWebsite.Client", "ECommerceWebsite\Client\ECommerceWebsite.Client.csproj", "{5B8D2CE0-7F3E-4539-A7BD-9FC06270E625}"
EndProject
Project("{9A19103F-16F7-4668-BE54-9A1E7A4F7556}") = "ECommerceWebsite.Shared", "ECommerceWebsite\Shared\ECommerceWebsite.Shared.csproj", "{385E20B3-E539-409A-8502-B6DB1DE3A091}"
EndProject
Global
	GlobalSection(SolutionConfigurationPlatforms) = preSolution
		Debug|Any CPU = Debug|Any CPU
		Release|Any CPU = Release|Any CPU
	EndGlobalSection
	GlobalSection(ProjectConfigurationPlatforms) = postSolution
		{93218913-484D-4C8F-B7E4-55D842F3C838}.Debug|Any CPU.ActiveCfg = Debug|Any CPU
		{93218913-484D-4C8F-B7E4-55D842F3C838}.Debug|Any CPU.Build.0 = Debug|Any CPU
		{93218913-484D-4C8F-B7E4-55D842F3C838}.Release|Any CPU.ActiveCfg = Release|Any CPU
		{93218913-484D-4C8F-B7E4-55D842F3C838}.Release|Any CPU.Build.0 = Release|Any CPU
		{5B8D2CE0-7F3E-4539-A7BD-9FC06270E625}.Debug|Any CPU.ActiveCfg = Debug|Any CPU
		{5B8D2CE0-7F3E-4539-A7BD-9FC06270E625}.Debug|Any CPU.Build.0 = Debug|Any CPU
		{5B8D2CE0-7F3E-4539-A7BD-9FC06270E625}.Release|Any CPU.ActiveCfg = Release|Any CPU
		{5B8D2CE0-7F3E-4539-A7BD-9FC06270E625}.Release|Any CPU.Build.0 = Release|Any CPU
		{385E20B3-E539-409A-8502-B6DB1DE3A091}.Debug|Any CPU.ActiveCfg = Debug|Any CPU
		{385E20B3-E539-409A-8502-B6DB1DE3A091}.Debug|Any CPU.Build.0 = Debug|Any CPU
		{385E20B3-E539-409A-8502-B6DB1DE3A091}.Release|Any CPU.ActiveCfg = Release|Any CPU
		{385E20B3-E539-409A-8502-B6DB1DE3A091}.Release|Any CPU.Build.0 = Release|Any CPU
	EndGlobalSection
	GlobalSection(SolutionProperties) = preSolution
		HideSolutionNode = FALSE
	EndGlobalSection
	GlobalSection(ExtensibilityGlobals) = postSolution
		SolutionGuid = {AC073DCC-C009-4C3A-A62C-488B0D53D1AC}
	EndGlobalSection
EndGlobal
